
Microsoft Visual Studio Solution File, Format Version 12.00
Project("{FAE04EC0-301F-11D3-BF4B-00C04F79EFBC}") = "RestaurantApi3", "RestaurantApi3\RestaurantApi3.csproj", "{DFBEB47E-8DCE-4C62-8471-3C472D623924}"
EndProject
Global
	GlobalSection(SolutionConfigurationPlatforms) = preSolution
		Debug|Any CPU = Debug|Any CPU
		Release|Any CPU = Release|Any CPU
	EndGlobalSection
	GlobalSection(ProjectConfigurationPlatforms) = postSolution
		{DFBEB47E-8DCE-4C62-8471-3C472D623924}.Debug|Any CPU.ActiveCfg = Debug|Any CPU
		{DFBEB47E-8DCE-4C62-8471-3C472D623924}.Debug|Any CPU.Build.0 = Debug|Any CPU
		{DFBEB47E-8DCE-4C62-8471-3C472D623924}.Release|Any CPU.ActiveCfg = Release|Any CPU
		{DFBEB47E-8DCE-4C62-8471-3C472D623924}.Release|Any CPU.Build.0 = Release|Any CPU
	EndGlobalSection
EndGlobal
